
Microsoft Visual Studio Solution File, Format Version 12.00
# Visual Studio Version 16
VisualStudioVersion = 16.0.29926.136
MinimumVisualStudioVersion = 10.0.40219.1
Project("{FAE04EC0-301F-11D3-BF4B-00C04F79EFBC}") = "oop-car", "oop-car.csproj", "{73462830-46C0-4B19-B7CF-269B8AD8B599}"
EndProject
Global
	GlobalSection(SolutionConfigurationPlatforms) = preSolution
		Debug|Any CPU = Debug|Any CPU
		Release|Any CPU = Release|Any CPU
	EndGlobalSection
	GlobalSection(ProjectConfigurationPlatforms) = postSolution
		{73462830-46C0-4B19-B7CF-269B8AD8B599}.Debug|Any CPU.ActiveCfg = Debug|Any CPU
		{73462830-46C0-4B19-B7CF-269B8AD8B599}.Debug|Any CPU.Build.0 = Debug|Any CPU
		{73462830-46C0-4B19-B7CF-269B8AD8B599}.Release|Any CPU.ActiveCfg = Release|Any CPU
		{73462830-46C0-4B19-B7CF-269B8AD8B599}.Release|Any CPU.Build.0 = Release|Any CPU
	EndGlobalSection
	GlobalSection(SolutionProperties) = preSolution
		HideSolutionNode = FALSE
	EndGlobalSection
	GlobalSection(ExtensibilityGlobals) = postSolution
		SolutionGuid = {BBD485F9-B044-405A-85A6-A3E8D3A96883}
	EndGlobalSection
EndGlobal
